// !$*UTF8*$!
{
	archiveVersion = 1;
	classes = {
	};
	objectVersion = 46;
	objects = {

/* Begin PBXBuildFile section */
		71868F1E1EA3D023001FBCFB /* AppDelegate.swift in Sources */ = {isa = PBXBuildFile; fileRef = 71868F1D1EA3D023001FBCFB /* AppDelegate.swift */; };
		71868F201EA3D023001FBCFB /* ViewController.swift in Sources */ = {isa = PBXBuildFile; fileRef = 71868F1F1EA3D023001FBCFB /* ViewController.swift */; };
		71868F231EA3D023001FBCFB /* Main.storyboard in Resources */ = {isa = PBXBuildFile; fileRef = 71868F211EA3D023001FBCFB /* Main.storyboard */; };
		71868F251EA3D023001FBCFB /* Assets.xcassets in Resources */ = {isa = PBXBuildFile; fileRef = 71868F241EA3D023001FBCFB /* Assets.xcassets */; };
		71868F281EA3D023001FBCFB /* LaunchScreen.storyboard in Resources */ = {isa = PBXBuildFile; fileRef = 71868F261EA3D023001FBCFB /* LaunchScreen.storyboard */; };
/* End PBXBuildFile section */

/* Begin PBXFileReference section */
		71868F1A1EA3D023001FBCFB /* QueueAnimation.app */ = {isa = PBXFileReference; explicitFileType = wrapper.application; includeInIndex = 0; path = QueueAnimation.app; sourceTree = BUILT_PRODUCTS_DIR; };
		71868F1D1EA3D023001FBCFB /* AppDelegate.swift */ = {isa = PBXFileReference; lastKnownFileType = sourcecode.swift; path = AppDelegate.swift; sourceTree = "<group>"; };
		71868F1F1EA3D023001FBCFB /* ViewController.swift */ = {isa = PBXFileReference; lastKnownFileType = sourcecode.swift; path = ViewController.swift; sourceTree = "<group>"; };
		71868F221EA3D023001FBCFB /* Base */ = {isa = PBXFileReference; lastKnownFileType = file.storyboard; name = Base; path = Base.lproj/Main.storyboard; sourceTree = "<group>"; };
		71868F241EA3D023001FBCFB /* Assets.xcassets */ = {isa = PBXFileReference; lastKnownFileType = folder.assetcatalog; path = Assets.xcassets; sourceTree = "<group>"; };
		71868F271EA3D023001FBCFB /* Base */ = {isa = PBXFileReference; lastKnownFileType = file.storyboard; name = Base; path = Base.lproj/LaunchScreen.storyboard; sourceTree = "<group>"; };
		71868F291EA3D023001FBCFB /* Info.plist */ = {isa = PBXFileReference; lastKnownFileType = text.plist.xml; path = Info.plist; sourceTree = "<group>"; };
/* End PBXFileReference section */

/* Begin PBXFrameworksBuildPhase section */
		71868F171EA3D023001FBCFB /* Frameworks */ = {
			isa = PBXFrameworksBuildPhase;
			buildActionMask = 2147483647;
			files = (
			);
			runOnlyForDeploymentPostprocessing = 0;
		};
/* End PBXFrameworksBuildPhase section */

/* Begin PBXGroup section */
		71868F111EA3D023001FBCFB = {
			isa = PBXGroup;
			children = (
				71868F1C1EA3D023001FBCFB /* QueueAnimation */,
				71868F1B1EA3D023001FBCFB /* Products */,
			);
			sourceTree = "<group>";
		};
		71868F1B1EA3D023001FBCFB /* Products */ = {
			isa = PBXGroup;
			children = (
				71868F1A1EA3D023001FBCFB /* QueueAnimation.app */,
			);
			name = Products;
			sourceTree = "<group>";
		};
		71868F1C1EA3D023001FBCFB /* QueueAnimation */ = {
			isa = PBXGroup;
			children = (
				71868F1D1EA3D023001FBCFB /* AppDelegate.swift */,
				71868F1F1EA3D023001FBCFB /* ViewController.swift */,
				71868F211EA3D023001FBCFB /* Main.storyboard */,
				71868F241EA3D023001FBCFB /* Assets.xcassets */,
				71868F261EA3D023001FBCFB /* LaunchScreen.storyboard */,
				71868F291EA3D023001FBCFB /* Info.plist */,
			);
			path = QueueAnimation;
			sourceTree = "<group>";
		};
/* End PBXGroup section */

/* Begin PBXNativeTarget section */
		71868F191EA3D023001FBCFB /* QueueAnimation */ = {
			isa = PBXNativeTarget;
			buildConfigurationList = 71868F2C1EA3D023001FBCFB /* Build configuration list for PBXNativeTarget "QueueAnimation" */;
			buildPhases = (
				71868F161EA3D023001FBCFB /* Sources */,
				71868F171EA3D023001FBCFB /* Frameworks */,
				71868F181EA3D023001FBCFB /* Resources */,
			);
			buildRules = (
			);
			dependencies = (
			);
			name = QueueAnimation;
			productName = QueueAnimation;
			productReference = 71868F1A1EA3D023001FBCFB /* QueueAnimation.app */;
			productType = "com.apple.product-type.application";
		};
/* End PBXNativeTarget section */

/* Begin PBXProject section */
		71868F121EA3D023001FBCFB /* Project object */ = {
			isa = PBXProject;
			attributes = {
				LastSwiftUpdateCheck = 0830;
				LastUpgradeCheck = 0830;
				ORGANIZATIONNAME = adeveloper;
				TargetAttributes = {
					71868F191EA3D023001FBCFB = {
						CreatedOnToolsVersion = 8.3.1;
						DevelopmentTeam = RF42FG352F;
						ProvisioningStyle = Automatic;
					};
				};
			};
			buildConfigurationList = 71868F151EA3D023001FBCFB /* Build configuration list for PBXProject "QueueAnimation" */;
			compatibilityVersion = "Xcode 3.2";
			developmentRegion = English;
			hasScannedForEncodings = 0;
			knownRegions = (
				en,
				Base,
			);
			mainGroup = 71868F111EA3D023001FBCFB;
			productRefGroup = 71868F1B1EA3D023001FBCFB /* Products */;
			projectDirPath = "";
			projectRoot = "";
			targets = (
				71868F191EA3D023001FBCFB /* QueueAnimation */,
			);
		};
/* End PBXProject section */

/* Begin PBXResourcesBuildPhase section */
		71868F181EA3D023001FBCFB /* Resources */ = {
			isa = PBXResourcesBuildPhase;
			buildActionMask = 2147483647;
			files = (
				71868F281EA3D023001FBCFB /* LaunchScreen.storyboard in Resources */,
				71868F251EA3D023001FBCFB /* Assets.xcassets in Resources */,
				71868F231EA3D023001FBCFB /* Main.storyboard in Resources */,
			);
			runOnlyForDeploymentPostprocessing = 0;
		};
/* End PBXResourcesBuildPhase section */

/* Begin PBXSourcesBuildPhase section */
		71868F161EA3D023001FBCFB /* Sources */ = {
			isa = PBXSourcesBuildPhase;
			buildActionMask = 2147483647;
			files = (
				71868F201EA3D023001FBCFB /* ViewController.swift in Sources */,
				71868F1E1EA3D023001FBCFB /* AppDelegate.swift in Sources */,
			);
			runOnlyForDeploymentPostprocessing = 0;
		};
/* End PBXSourcesBuildPhase section */

/* Begin PBXVariantGroup section */
		71868F211EA3D023001FBCFB /* Main.storyboard */ = {
			isa = PBXVariantGroup;
			children = (
				71868F221EA3D023001FBCFB /* Base */,
			);
			name = Main.storyboard;
			sourceTree = "<group>";
		};
		71868F261EA3D023001FBCFB /* LaunchScreen.storyboard */ = {
			isa = PBXVariantGroup;
			children = (
				71868F271EA3D023001FBCFB /* Base */,
			);
			name = LaunchScreen.storyboard;
			sourceTree = "<group>";
		};
/* End PBXVariantGroup section */

/* Begin XCBuildConfiguration section */
		71868F2A1EA3D023001FBCFB /* Debug */ = {
			isa = XCBuildConfiguration;
			buildSettings = {
				ALWAYS_SEARCH_USER_PATHS = NO;
				CLANG_ANALYZER_NONNULL = YES;
				CLANG_ANALYZER_NUMBER_OBJECT_CONVERSION = YES_AGGRESSIVE;
				CLANG_CXX_LANGUAGE_STANDARD = "gnu++0x";
				CLANG_CXX_LIBRARY = "libc++";
				CLANG_ENABLE_MODULES = YES;
				CLANG_ENABLE_OBJC_ARC = YES;
				CLANG_WARN_BOOL_CONVERSION = YES;
				CLANG_WARN_CONSTANT_CONVERSION = YES;
				CLANG_WARN_DIRECT_OBJC_ISA_USAGE = YES_ERROR;
				CLANG_WARN_DOCUMENTATION_COMMENTS = YES;
				CLANG_WARN_EMPTY_BODY = YES;
				CLANG_WARN_ENUM_CONVERSION = YES;
				CLANG_WARN_INFINITE_RECURSION = YES;
				CLANG_WARN_INT_CONVERSION = YES;
				CLANG_WARN_OBJC_ROOT_CLASS = YES_ERROR;
				CLANG_WARN_SUSPICIOUS_MOVE = YES;
				CLANG_WARN_UNREACHABLE_CODE = YES;
				CLANG_WARN__DUPLICATE_METHOD_MATCH = YES;
				"CODE_SIGN_IDENTITY[sdk=iphoneos*]" = "iPhone Developer";
				COPY_PHASE_STRIP = NO;
				DEBUG_INFORMATION_FORMAT = dwarf;
				ENABLE_STRICT_OBJC_MSGSEND = YES;
				ENABLE_TESTABILITY = YES;
				GCC_C_LANGUAGE_STANDARD = gnu99;
				GCC_DYNAMIC_NO_PIC = NO;
				GCC_NO_COMMON_BLOCKS = YES;
				GCC_OPTIMIZATION_LEVEL = 0;
				GCC_PREPROCESSOR_DEFINITIONS = (
					"DEBUG=1",
					"$(inherited)",
				);
				GCC_WARN_64_TO_32_BIT_CONVERSION = YES;
				GCC_WARN_ABOUT_RETURN_TYPE = YES_ERROR;
				GCC_WARN_UNDECLARED_SELECTOR = YES;
				GCC_WARN_UNINITIALIZED_AUTOS = YES_AGGRESSIVE;
				GCC_WARN_UNUSED_FUNCTION = YES;
				GCC_WARN_UNUSED_VARIABLE = YES;
				IPHONEOS_DEPLOYMENT_TARGET = 10.3;
				MTL_ENABLE_DEBUG_INFO = YES;
				ONLY_ACTIVE_ARCH = YES;
				SDKROOT = iphoneos;
				SWIFT_ACTIVE_COMPILATION_CONDITIONS = DEBUG;
				SWIFT_OPTIMIZATION_LEVEL = "-Onone";
				TARGETED_DEVICE_FAMILY = "1,2";
			};
			name = Debug;
		};
		71868F2B1EA3D023001FBCFB /* Release */ = {
			isa = XCBuildConfiguration;
			buildSettings = {
				ALWAYS_SEARCH_USER_PATHS = NO;
				CLANG_ANALYZER_NONNULL = YES;
				CLANG_ANALYZER_NUMBER_OBJECT_CONVERSION = YES_AGGRESSIVE;
				CLANG_CXX_LANGUAGE_STANDARD = "gnu++0x";
				CLANG_CXX_LIBRARY = "libc++";
				CLANG_ENABLE_MODULES = YES;
				CLANG_ENABLE_OBJC_ARC = YES;
				CLANG_WARN_BOOL_CONVERSION = YES;
				CLANG_WARN_CONSTANT_CONVERSION = YES;
				CLANG_WARN_DIRECT_OBJC_ISA_USAGE = YES_ERROR;
				CLANG_WARN_DOCUMENTATION_COMMENTS = YES;
				CLANG_WARN_EMPTY_BODY = YES;
				CLANG_WARN_ENUM_CONVERSION = YES;
				CLANG_WARN_INFINITE_RECURSION = YES;
				CLANG_WARN_INT_CONVERSION = YES;
				CLANG_WARN_OBJC_ROOT_CLASS = YES_ERROR;
				CLANG_WARN_SUSPICIOUS_MOVE = YES;
				CLANG_WARN_UNREACHABLE_CODE = YES;
				CLANG_WARN__DUPLICATE_METHOD_MATCH = YES;
				"CODE_SIGN_IDENTITY[sdk=iphoneos*]" = "iPhone Developer";
				COPY_PHASE_STRIP = NO;
				DEBUG_INFORMATION_FORMAT = "dwarf-with-dsym";
				ENABLE_NS_ASSERTIONS = NO;
				ENABLE_STRICT_OBJC_MSGSEND = YES;
				GCC_C_LANGUAGE_STANDARD = gnu99;
				GCC_NO_COMMON_BLOCKS = YES;
				GCC_WARN_64_TO_32_BIT_CONVERSION = YES;
				GCC_WARN_ABOUT_RETURN_TYPE = YES_ERROR;
				GCC_WARN_UNDECLARED_SELECTOR = YES;
				GCC_WARN_UNINITIALIZED_AUTOS = YES_AGGRESSIVE;
				GCC_WARN_UNUSED_FUNCTION = YES;
				GCC_WARN_UNUSED_VARIABLE = YES;
				IPHONEOS_DEPLOYMENT_TARGET = 10.3;
				MTL_ENABLE_DEBUG_INFO = NO;
				SDKROOT = iphoneos;
				SWIFT_OPTIMIZATION_LEVEL = "-Owholemodule";
				TARGETED_DEVICE_FAMILY = "1,2";
				VALIDATE_PRODUCT = YES;
			};
			name = Release;
		};
		71868F2D1EA3D023001FBCFB /* Debug */ = {
			isa = XCBuildConfiguration;
			buildSettings = {
				ASSETCATALOG_COMPILER_APPICON_NAME = AppIcon;
				DEVELOPMENT_TEAM = RF42FG352F;
				INFOPLIST_FILE = QueueAnimation/Info.plist;
				LD_RUNPATH_SEARCH_PATHS = "$(inherited) @executable_path/Frameworks";
				PRODUCT_BUNDLE_IDENTIFIER = adeveloper.QueueAnimation;
				PRODUCT_NAME = "$(TARGET_NAME)";
				SWIFT_VERSION = 3.0;
			};
			name = Debug;
		};
		71868F2E1EA3D023001FBCFB /* Release */ = {
			isa = XCBuildConfiguration;
			buildSettings = {
				ASSETCATALOG_COMPILER_APPICON_NAME = AppIcon;
				DEVELOPMENT_TEAM = RF42FG352F;
				INFOPLIST_FILE = QueueAnimation/Info.plist;
				LD_RUNPATH_SEARCH_PATHS = "$(inherited) @executable_path/Frameworks";
				PRODUCT_BUNDLE_IDENTIFIER = adeveloper.QueueAnimation;
				PRODUCT_NAME = "$(TARGET_NAME)";
				SWIFT_VERSION = 3.0;
			};
			name = Release;
		};
/* End XCBuildConfiguration section */

/* Begin XCConfigurationList section */
		71868F151EA3D023001FBCFB /* Build configuration list for PBXProject "QueueAnimation" */ = {
			isa = XCConfigurationList;
			buildConfigurations = (
				71868F2A1EA3D023001FBCFB /* Debug */,
				71868F2B1EA3D023001FBCFB /* Release */,
			);
			defaultConfigurationIsVisible = 0;
			defaultConfigurationName = Release;
		};
		71868F2C1EA3D023001FBCFB /* Build configuration list for PBXNativeTarget "QueueAnimation" */ = {
			isa = XCConfigurationList;
			buildConfigurations = (
				71868F2D1EA3D023001FBCFB /* Debug */,
				71868F2E1EA3D023001FBCFB /* Release */,
			);
			defaultConfigurationIsVisible = 0;
		};
/* End XCConfigurationList section */
	};
	rootObject = 71868F121EA3D023001FBCFB /* Project object */;
}
